
Microsoft Visual Studio Solution File, Format Version 10.00
# Visual Studio 2008
Project("{FAE04EC0-301F-11D3-BF4B-00C04F79EFBC}") = "Staubli3D", "Staubli3D\Staubli3D.csproj", "{050C6FDB-52B8-4E4E-9389-ABD6BC8A8EAC}"
EndProject
Global
	GlobalSection(SolutionConfigurationPlatforms) = preSolution
		Debug|Any CPU = Debug|Any CPU
		Release|Any CPU = Release|Any CPU
	EndGlobalSection
	GlobalSection(ProjectConfigurationPlatforms) = postSolution
		{050C6FDB-52B8-4E4E-9389-ABD6BC8A8EAC}.Debug|Any CPU.ActiveCfg = Debug|Any CPU
		{050C6FDB-52B8-4E4E-9389-ABD6BC8A8EAC}.Debug|Any CPU.Build.0 = Debug|Any CPU
		{050C6FDB-52B8-4E4E-9389-ABD6BC8A8EAC}.Release|Any CPU.ActiveCfg = Release|Any CPU
		{050C6FDB-52B8-4E4E-9389-ABD6BC8A8EAC}.Release|Any CPU.Build.0 = Release|Any CPU
	EndGlobalSection
	GlobalSection(SolutionProperties) = preSolution
		HideSolutionNode = FALSE
	EndGlobalSection
EndGlobal
